# THIS IS AN AUTOGENERATED FILE. DO NOT EDIT THIS FILE DIRECTLY.
# yarn lockfile v1


"@fortawesome/fontawesome-free@^5.15.3":
  version "5.15.3"
  resolved "https://registry.yarnpkg.com/@fortawesome/fontawesome-free/-/fontawesome-free-5.15.3.tgz#c36ffa64a2a239bf948541a97b6ae8d729e09a9a"
  integrity sha512-rFnSUN/QOtnOAgqFRooTA3H57JLDm0QEG/jPdk+tLQNL/eWd+Aok8g3qCI+Q1xuDPWpGW/i9JySpJVsq8Q0s9w==

"@popperjs/core@^2.8.6":
  version "2.8.6"
  resolved "https://registry.yarnpkg.com/@popperjs/core/-/core-2.8.6.tgz#ad75ebe8dbecfa145af3c7e4d0ae98016458d005"
  integrity sha512-1oXH2bAFXz9SttE1v/0Jp+2ZVePsPEAPGIuPKrmljWZcS3FPBEn2Q4WcANozZC0YiCjTWOF55k0g6rbSZS39ew==

ace-builds@^1.4.12:
  version "1.4.12"
  resolved "https://registry.yarnpkg.com/ace-builds/-/ace-builds-1.4.12.tgz#888efa386e36f4345f40b5233fcc4fe4c588fae7"
  integrity sha512-G+chJctFPiiLGvs3+/Mly3apXTcfgE45dT5yp12BcWZ1kUs+gm0qd3/fv4gsz6fVag4mM0moHVpjHDIgph6Psg==

argparse@^2.0.1:
  version "2.0.1"
  resolved "https://registry.yarnpkg.com/argparse/-/argparse-2.0.1.tgz#246f50f3ca78a3240f6c997e8a9bd1eac49e4b38"
  integrity sha512-8+9WqebbFzpX9OR+Wa6O29asIogeRMzcGtAINdpMHHyAg10f05aSFVBbcEqGf/PXw1EjAZ+q2/bEBg3DvurK3Q==

bootstrap@>=4.2.0, bootstrap@^4.6.0:
  version "4.6.0"
  resolved "https://registry.yarnpkg.com/bootstrap/-/bootstrap-4.6.0.tgz#97b9f29ac98f98dfa43bf7468262d84392552fd7"
  integrity sha512-Io55IuQY3kydzHtbGvQya3H+KorS/M9rSNyfCGCg9WZ4pyT/lCxIlpJgG1GXW/PswzC84Tr2fBYi+7+jFVQQBw==

bs4-toast@^1.2.0:
  version "1.2.0"
  resolved "https://registry.yarnpkg.com/bs4-toast/-/bs4-toast-1.2.0.tgz#a390cd0d095786b449d1d06c8294c7e535a0400b"
  integrity sha512-RxMJ4SQxlbUx4gO0vGDYMraOB7YRc7nogUIW5xQPIgRebjN93txo1Jc+FcLZYMuJUFr1YlCvpb5KMp9yC/xv6g==
  dependencies:
    bootstrap ">=4.2.0"
    jquery ">=1.9.1"

jquery@>=1.9.1:
  version "3.6.0"
  resolved "https://registry.yarnpkg.com/jquery/-/jquery-3.6.0.tgz#c72a09f15c1bdce142f49dbf1170bdf8adac2470"
  integrity sha512-JVzAR/AjBvVt2BmYhxRCSYysDsPcssdmTFnzyLEts9qNwmjmu4JTAMYubEfwVOSwpQ1I1sKKFcxhZCI2buerfw==

jquery@^3.5.1:
  version "3.5.1"
  resolved "https://registry.yarnpkg.com/jquery/-/jquery-3.5.1.tgz#d7b4d08e1bfdb86ad2f1a3d039ea17304717abb5"
  integrity sha512-XwIBPqcMn57FxfT+Go5pzySnm4KWkT1Tv7gjrpT1srtf8Weynl6R273VJ5GjkRb51IzMp5nbaPjJXMWeju2MKg==

js-yaml@^4.0.0:
  version "4.0.0"
  resolved "https://registry.yarnpkg.com/js-yaml/-/js-yaml-4.0.0.tgz#f426bc0ff4b4051926cd588c71113183409a121f"
  integrity sha512-pqon0s+4ScYUvX30wxQi3PogGFAlUyH0awepWvwkj4jD4v+ova3RiYw8bmA6x2rDrEaj8i/oWKoRxpVNW+Re8Q==
  dependencies:
    argparse "^2.0.1"

lodash@^4.17.21:
  version "4.17.21"
  resolved "https://registry.yarnpkg.com/lodash/-/lodash-4.17.21.tgz#679591c564c3bffaae8454cf0b3df370c3d6911c"
  integrity sha512-v2kDEe57lecTulaDIuNTPy3Ry4gLGJ6Z1O3vE1krgXZNrsQ+LFTGHVxVjcXPs17LhbZVGedAJv8XZ1tvj5FvSg==

select2@^4.1.0-rc.0:
  version "4.1.0-rc.0"
  resolved "https://registry.yarnpkg.com/select2/-/select2-4.1.0-rc.0.tgz#ba3cd3901dda0155e1c0219ab41b74ba51ea22d8"
  integrity sha512-Hr9TdhyHCZUtwznEH2CBf7967mEM0idtJ5nMtjvk3Up5tPukOLXbHUNmh10oRfeNIhj+3GD3niu+g6sVK+gK0A==

tingle.js@^0.16.0:
  version "0.16.0"
  resolved "https://registry.yarnpkg.com/tingle.js/-/tingle.js-0.16.0.tgz#1ac35f91315271c47cb6bb7299d0b327ac7539ea"
  integrity sha512-xV4F2j7+QMxDfzuX59KhxiWKeAgI/QSC8o7k9rQu8hZD8TZefMTViq7l07DIcVDb30IlAPlyFRs6SnD1Fup6hA==

tokenfield@^1.4.4:
  version "1.4.4"
  resolved "https://registry.yarnpkg.com/tokenfield/-/tokenfield-1.4.4.tgz#7c4968f36decc004c7fd148e0dd05574257447b7"
  integrity sha512-GMb8nZH6NUztVu4SH36DQB/vssNrMC1c8wg9PjL+h27ca7esoI//Dh+7N6FRERIfmSq+5Xe6MjpFLFkasp6s0w==

uuid@^8.3.2:
  version "8.3.2"
  resolved "https://registry.yarnpkg.com/uuid/-/uuid-8.3.2.tgz#80d5b5ced271bb9af6c445f21a1a04c606cefbe2"
  integrity sha512-+NYs2QeMWy+GWFOEm9xnn6HCDp0l7QBD7ml8zLUmJ+93Q5NF0NocErnwkTkXVFNiX3/fpC6afS8Dhb/gz7R7eg==
