# THIS IS AN AUTOGENERATED FILE. DO NOT EDIT THIS FILE DIRECTLY.
# yarn lockfile v1


"@popperjs/core@^2.8.6":
  version "2.8.6"
  resolved "https://registry.yarnpkg.com/@popperjs/core/-/core-2.8.6.tgz#ad75ebe8dbecfa145af3c7e4d0ae98016458d005"
  integrity sha512-1oXH2bAFXz9SttE1v/0Jp+2ZVePsPEAPGIuPKrmljWZcS3FPBEn2Q4WcANozZC0YiCjTWOF55k0g6rbSZS39ew==

ace-builds@^1.4.12:
  version "1.4.12"
  resolved "https://registry.yarnpkg.com/ace-builds/-/ace-builds-1.4.12.tgz#888efa386e36f4345f40b5233fcc4fe4c588fae7"
  integrity sha512-G+chJctFPiiLGvs3+/Mly3apXTcfgE45dT5yp12BcWZ1kUs+gm0qd3/fv4gsz6fVag4mM0moHVpjHDIgph6Psg==

bootstrap@^4.6.0:
  version "4.6.0"
  resolved "https://registry.yarnpkg.com/bootstrap/-/bootstrap-4.6.0.tgz#97b9f29ac98f98dfa43bf7468262d84392552fd7"
  integrity sha512-Io55IuQY3kydzHtbGvQya3H+KorS/M9rSNyfCGCg9WZ4pyT/lCxIlpJgG1GXW/PswzC84Tr2fBYi+7+jFVQQBw==

jquery@^3.5.1:
  version "3.5.1"
  resolved "https://registry.yarnpkg.com/jquery/-/jquery-3.5.1.tgz#d7b4d08e1bfdb86ad2f1a3d039ea17304717abb5"
  integrity sha512-XwIBPqcMn57FxfT+Go5pzySnm4KWkT1Tv7gjrpT1srtf8Weynl6R273VJ5GjkRb51IzMp5nbaPjJXMWeju2MKg==
